
Microsoft Visual Studio Solution File, Format Version 12.00
# Visual Studio Version 16
VisualStudioVersion = 16.0.30225.117
MinimumVisualStudioVersion = 10.0.40219.1
Project("{FAE04EC0-301F-11D3-BF4B-00C04F79EFBC}") = "BookApp.React", "BookApp.React\BookApp.React.csproj", "{79F87E8E-AD9A-4F4B-B243-5455EA8467D8}"
EndProject
Global
	GlobalSection(SolutionConfigurationPlatforms) = preSolution
		Debug|Any CPU = Debug|Any CPU
		Release|Any CPU = Release|Any CPU
	EndGlobalSection
	GlobalSection(ProjectConfigurationPlatforms) = postSolution
		{79F87E8E-AD9A-4F4B-B243-5455EA8467D8}.Debug|Any CPU.ActiveCfg = Debug|Any CPU
		{79F87E8E-AD9A-4F4B-B243-5455EA8467D8}.Debug|Any CPU.Build.0 = Debug|Any CPU
		{79F87E8E-AD9A-4F4B-B243-5455EA8467D8}.Release|Any CPU.ActiveCfg = Release|Any CPU
		{79F87E8E-AD9A-4F4B-B243-5455EA8467D8}.Release|Any CPU.Build.0 = Release|Any CPU
	EndGlobalSection
	GlobalSection(SolutionProperties) = preSolution
		HideSolutionNode = FALSE
	EndGlobalSection
	GlobalSection(ExtensibilityGlobals) = postSolution
		SolutionGuid = {EE329BAD-8529-4B55-AFA9-7B0F5446D469}
	EndGlobalSection
EndGlobal
